# This file was autogenerated by Stack.
# You should not edit this file by hand.
# For more information, please see the documentation at:
#   https://docs.haskellstack.org/en/stable/lock_files

packages:
- completed:
    hackage: hakyll-4.9.8.0@sha256:a3f8269142e23c69829a796fc722bd3fca1fdb0004f347277777e21558523708,9285
    pantry-tree:
      size: 7422
      sha256: 0c6200e59be917e1c235f616509ac23da7352576f62c2f9e84572f9c160ab1ae
  original:
    hackage: hakyll-4.9.8.0@sha256:a3f8269142e23c69829a796fc722bd3fca1fdb0004f347277777e21558523708,9285
- completed:
    hackage: shakespeare-js-1.3.0@sha256:4aace934dcaf1a248ed8f28e2bb70fe4225ebf642d7e12bdfd2fca8cd41994fb,1541
    pantry-tree:
      size: 160
      sha256: 6368cdc84fe45e92d202b0bbf9b48b0d793ee4c2d705aaa4f520b4b5211b3102
  original:
    hackage: shakespeare-js-1.3.0@sha256:4aace934dcaf1a248ed8f28e2bb70fe4225ebf642d7e12bdfd2fca8cd41994fb,1541
- completed:
    hackage: containers-0.5.11.0@sha256:28ad7337057442f75bc689315ab4ec7bdf5e6b2c39668f306672cecd82c02798,16685
    pantry-tree:
      size: 4849
      sha256: faa4e75922a28f7cfe9920c1d7ab3866b792cefcd29bf79f54cfe3b6b5f57cbf
  original:
    hackage: containers-0.5.11.0@sha256:28ad7337057442f75bc689315ab4ec7bdf5e6b2c39668f306672cecd82c02798,16685
- completed:
    hackage: fsnotify-0.2.1.2@sha256:bbb817fc2e489bf9d95a1e538f82807f177d69faf446db02e1b1876e31826161,2749
    pantry-tree:
      size: 983
      sha256: 51ee4c76ed72171a63b82692aac4101bce7a340b7b94edfc02085603bf61f8ac
  original:
    hackage: fsnotify-0.2.1.2@sha256:bbb817fc2e489bf9d95a1e538f82807f177d69faf446db02e1b1876e31826161,2749
- completed:
    hackage: http-conduit-2.2.4@sha256:0e1e8e6f9675ae3c2f17108614b2c2f792e0647f794d713db97403b664ae5a24,2903
    pantry-tree:
      size: 784
      sha256: 2d094c3836b25cd0e78df65286842dbed769b623399a2d7a6bd9018a86714d6f
  original:
    hackage: http-conduit-2.2.4@sha256:0e1e8e6f9675ae3c2f17108614b2c2f792e0647f794d713db97403b664ae5a24,2903
- completed:
    hackage: http-types-0.9.1@sha256:3fea670082117e235f03f79c6dd093710ee3482a3be9c98c50385dd057a0f1a9,2129
    pantry-tree:
      size: 832
      sha256: 12998233391c99903f66dfe8af62957c24584ff3a9665ef03cd62fb283ee572f
  original:
    hackage: http-types-0.9.1@sha256:3fea670082117e235f03f79c6dd093710ee3482a3be9c98c50385dd057a0f1a9,2129
- completed:
    hackage: network-2.6.3.6@sha256:1ca79d81af02d7acd6032d5e6c9bde4618a8fdcfbe19bd42b49d420183975df0,2666
    pantry-tree:
      size: 2254
      sha256: 56285baa11d679521837e1f41311a1aeafa522e7637d408d3decd99c083edba1
  original:
    hackage: network-2.6.3.6@sha256:1ca79d81af02d7acd6032d5e6c9bde4618a8fdcfbe19bd42b49d420183975df0,2666
- completed:
    hackage: optparse-applicative-0.14.3.0@sha256:37d7ff26d8cddf7f2b58e9ed60c1550f3d94b32bc449e3c038be074f256e08a8,4376
    pantry-tree:
      size: 2643
      sha256: c23d41e112198ffb15c57101c90feb3e7dbf2771e48610e3c30fb367f92eaaeb
  original:
    hackage: optparse-applicative-0.14.3.0@sha256:37d7ff26d8cddf7f2b58e9ed60c1550f3d94b32bc449e3c038be074f256e08a8,4376
- completed:
    hackage: pandoc-1.19.2.4@sha256:438ece28ab0d744833ca55bf2e7e0b1dcd0fffd35c30985d83f2bf17486ff660,23452
    pantry-tree:
      size: 34792
      sha256: 74e0eb4416f074cb082cb754ae44625d2b196063eab3fb787997b89c0c11dc4a
  original:
    hackage: pandoc-1.19.2.4@sha256:438ece28ab0d744833ca55bf2e7e0b1dcd0fffd35c30985d83f2bf17486ff660,23452
- completed:
    hackage: pandoc-citeproc-0.10.5.1@sha256:ba4c32018b5fc4de9abee93d20ede707ef79a4abb836a6b8a14bd79c366b9a21,7427
    pantry-tree:
      size: 20142
      sha256: bd175cc6439e1fe68de846eaecbf6ba8594d8f2a0a50c407fb60e8534b683f48
  original:
    hackage: pandoc-citeproc-0.10.5.1@sha256:ba4c32018b5fc4de9abee93d20ede707ef79a4abb836a6b8a14bd79c366b9a21,7427
- completed:
    hackage: process-1.5.0.0@sha256:426f85663815115352d9e5feb1766bb955c72ec8ec26831b3253eec39e083c5b,2133
    pantry-tree:
      size: 1211
      sha256: a26353e5b9b8dce90773b48dc45e530826d13249c6130bd4d3d86826fd1df114
  original:
    hackage: process-1.5.0.0@sha256:426f85663815115352d9e5feb1766bb955c72ec8ec26831b3253eec39e083c5b,2133
- completed:
    hackage: random-1.1@sha256:7b67624fd76ddf97c206de0801dc7e888097e9d572974be9b9ea6551d76965df,1777
    pantry-tree:
      size: 637
      sha256: 14a1b01728c5584e87c9fa00746a66e28ffd89dd2c0eabd334c8463953496e1b
  original:
    hackage: random-1.1@sha256:7b67624fd76ddf97c206de0801dc7e888097e9d572974be9b9ea6551d76965df,1777
- completed:
    hackage: regex-base-0.93.2@sha256:6d4307e6732c9b3c01fa6b7c6e2c2e578dc844804b9de73dc55832de4b1d7a36,2035
    pantry-tree:
      size: 414
      sha256: 2a73603e5b1111aee45fa05b24aca7d7df7f0f1a277115969f04b5e5ed7efb41
  original:
    hackage: regex-base-0.93.2@sha256:6d4307e6732c9b3c01fa6b7c6e2c2e578dc844804b9de73dc55832de4b1d7a36,2035
- completed:
    hackage: regex-tdfa-1.2.3.2@sha256:b154ece2c3a2efe088fb7d3ff76ca9607127b58795755b79f3a6f9376f95e50f,3850
    pantry-tree:
      size: 1745
      sha256: 4759fcd89a97707592f51529e5acea9f9da620e2344dfcf799277995f0ecfaed
  original:
    hackage: regex-tdfa-1.2.3.2@sha256:b154ece2c3a2efe088fb7d3ff76ca9607127b58795755b79f3a6f9376f95e50f,3850
- completed:
    hackage: resourcet-1.1.11@sha256:6c16ce2485e4368048ee618f36bd8606aff8212100333d834b205b14cb4c6023,1981
    pantry-tree:
      size: 647
      sha256: a20624ee1b2369b258059674aa9dac02e0e3b5a076fe08aa1417dd4788247498
  original:
    hackage: resourcet-1.1.11@sha256:6c16ce2485e4368048ee618f36bd8606aff8212100333d834b205b14cb4c6023,1981
- completed:
    hackage: time-1.7.0.1@sha256:1a872f23370af9c9b6ecaf26c00693ba3e7d269b3e5f6f94d5321394eae83987,4150
    pantry-tree:
      size: 4210
      sha256: f0f19b7c4b20f99d6ba694976160f01577244d6547fe01dc8e8d6cad9b9f3cc7
  original:
    hackage: time-1.7.0.1@sha256:1a872f23370af9c9b6ecaf26c00693ba3e7d269b3e5f6f94d5321394eae83987,4150
- completed:
    hackage: warp-3.2.28@sha256:b32fb8fed7ace4bd206fd897c388c00cdb915ec7e34ee61dc6397d518d9e651c,11186
    pantry-tree:
      size: 4227
      sha256: a08eab2f15d6be431d00cd31a8b87a7e5ce87f203aad06916f9af0c673ec8a7d
  original:
    hackage: warp-3.2.28@sha256:b32fb8fed7ace4bd206fd897c388c00cdb915ec7e34ee61dc6397d518d9e651c,11186
- completed:
    hackage: yaml-0.8.32@sha256:cb9e788e4c18f3c3579a950c1d53f89efb7e8871f6a00b5fabc37084c05cf04e,5452
    pantry-tree:
      size: 2789
      sha256: 5ac515c7d2eda1d131b6d8fb8a7bacf1ace2bb11f27a08e8c14e871f0856564b
  original:
    hackage: yaml-0.8.32@sha256:cb9e788e4c18f3c3579a950c1d53f89efb7e8871f6a00b5fabc37084c05cf04e,5452
snapshots:
- completed:
    size: 619204
    url: https://raw.githubusercontent.com/commercialhaskell/stackage-snapshots/master/lts/19/32.yaml
    sha256: ae630fb633086fb5128ec338a40a60c0f2b0a0f1bcfa9920c15855df2001338e
  original: lts-19.32
